// !$*UTF8*$!
{
	archiveVersion = 1;
	classes = {
	};
	objectVersion = 46;
	objects = {

/* Begin PBXBuildFile section */
		CB69361E1A30C75C0095B48C /* AppDelegate.swift in Sources */ = {isa = PBXBuildFile; fileRef = CB69361D1A30C75C0095B48C /* AppDelegate.swift */; };
		CB6936201A30C75C0095B48C /* MainViewController.swift in Sources */ = {isa = PBXBuildFile; fileRef = CB69361F1A30C75C0095B48C /* MainViewController.swift */; };
		CB6936251A30C75C0095B48C /* Images.xcassets in Resources */ = {isa = PBXBuildFile; fileRef = CB6936241A30C75C0095B48C /* Images.xcassets */; };
		CB6936281A30C75C0095B48C /* LaunchScreen.xib in Resources */ = {isa = PBXBuildFile; fileRef = CB6936261A30C75C0095B48C /* LaunchScreen.xib */; };
		CB6936341A30C75D0095B48C /* ImageDisplayTests.swift in Sources */ = {isa = PBXBuildFile; fileRef = CB6936331A30C75D0095B48C /* ImageDisplayTests.swift */; };
		CB69366C1A3107420095B48C /* ResultsViewController.swift in Sources */ = {isa = PBXBuildFile; fileRef = CB69366B1A3107420095B48C /* ResultsViewController.swift */; };
		CB69366E1A317E2F0095B48C /* ResultsTableViewController.swift in Sources */ = {isa = PBXBuildFile; fileRef = CB69366D1A317E2F0095B48C /* ResultsTableViewController.swift */; };
		CB6936721A3182B30095B48C /* ResultsCollectionViewCell.swift in Sources */ = {isa = PBXBuildFile; fileRef = CB6936711A3182B30095B48C /* ResultsCollectionViewCell.swift */; };
		CB6936741A318BDD0095B48C /* ResultsGridViewController.swift in Sources */ = {isa = PBXBuildFile; fileRef = CB6936731A318BDD0095B48C /* ResultsGridViewController.swift */; };
		CB69367F1A322A600095B48C /* ImageObject.swift in Sources */ = {isa = PBXBuildFile; fileRef = CB69367E1A322A600095B48C /* ImageObject.swift */; };
		CB6936811A3240B30095B48C /* FullScreenImageView.swift in Sources */ = {isa = PBXBuildFile; fileRef = CB6936801A3240B30095B48C /* FullScreenImageView.swift */; };
		CB6936831A324E160095B48C /* Utils.swift in Sources */ = {isa = PBXBuildFile; fileRef = CB6936821A324E160095B48C /* Utils.swift */; };
/* End PBXBuildFile section */

/* Begin PBXContainerItemProxy section */
		CB69362E1A30C75D0095B48C /* PBXContainerItemProxy */ = {
			isa = PBXContainerItemProxy;
			containerPortal = CB6936101A30C75C0095B48C /* Project object */;
			proxyType = 1;
			remoteGlobalIDString = CB6936171A30C75C0095B48C;
			remoteInfo = ImageDisplay;
		};
/* End PBXContainerItemProxy section */

/* Begin PBXFileReference section */
		CB6936181A30C75C0095B48C /* ImageDisplay.app */ = {isa = PBXFileReference; explicitFileType = wrapper.application; includeInIndex = 0; path = ImageDisplay.app; sourceTree = BUILT_PRODUCTS_DIR; };
		CB69361C1A30C75C0095B48C /* Info.plist */ = {isa = PBXFileReference; lastKnownFileType = text.plist.xml; path = Info.plist; sourceTree = "<group>"; };
		CB69361D1A30C75C0095B48C /* AppDelegate.swift */ = {isa = PBXFileReference; lastKnownFileType = sourcecode.swift; path = AppDelegate.swift; sourceTree = "<group>"; };
		CB69361F1A30C75C0095B48C /* MainViewController.swift */ = {isa = PBXFileReference; lastKnownFileType = sourcecode.swift; path = MainViewController.swift; sourceTree = "<group>"; };
		CB6936241A30C75C0095B48C /* Images.xcassets */ = {isa = PBXFileReference; lastKnownFileType = folder.assetcatalog; path = Images.xcassets; sourceTree = "<group>"; };
		CB6936271A30C75C0095B48C /* Base */ = {isa = PBXFileReference; lastKnownFileType = file.xib; name = Base; path = Base.lproj/LaunchScreen.xib; sourceTree = "<group>"; };
		CB69362D1A30C75D0095B48C /* ImageDisplayTests.xctest */ = {isa = PBXFileReference; explicitFileType = wrapper.cfbundle; includeInIndex = 0; path = ImageDisplayTests.xctest; sourceTree = BUILT_PRODUCTS_DIR; };
		CB6936321A30C75D0095B48C /* Info.plist */ = {isa = PBXFileReference; lastKnownFileType = text.plist.xml; path = Info.plist; sourceTree = "<group>"; };
		CB6936331A30C75D0095B48C /* ImageDisplayTests.swift */ = {isa = PBXFileReference; lastKnownFileType = sourcecode.swift; path = ImageDisplayTests.swift; sourceTree = "<group>"; };
		CB69366B1A3107420095B48C /* ResultsViewController.swift */ = {isa = PBXFileReference; fileEncoding = 4; lastKnownFileType = sourcecode.swift; path = ResultsViewController.swift; sourceTree = "<group>"; };
		CB69366D1A317E2F0095B48C /* ResultsTableViewController.swift */ = {isa = PBXFileReference; fileEncoding = 4; lastKnownFileType = sourcecode.swift; path = ResultsTableViewController.swift; sourceTree = "<group>"; };
		CB6936711A3182B30095B48C /* ResultsCollectionViewCell.swift */ = {isa = PBXFileReference; fileEncoding = 4; lastKnownFileType = sourcecode.swift; path = ResultsCollectionViewCell.swift; sourceTree = "<group>"; };
		CB6936731A318BDD0095B48C /* ResultsGridViewController.swift */ = {isa = PBXFileReference; fileEncoding = 4; lastKnownFileType = sourcecode.swift; path = ResultsGridViewController.swift; sourceTree = "<group>"; };
		CB69367E1A322A600095B48C /* ImageObject.swift */ = {isa = PBXFileReference; fileEncoding = 4; lastKnownFileType = sourcecode.swift; path = ImageObject.swift; sourceTree = "<group>"; };
		CB6936801A3240B30095B48C /* FullScreenImageView.swift */ = {isa = PBXFileReference; fileEncoding = 4; lastKnownFileType = sourcecode.swift; path = FullScreenImageView.swift; sourceTree = "<group>"; };
		CB6936821A324E160095B48C /* Utils.swift */ = {isa = PBXFileReference; fileEncoding = 4; lastKnownFileType = sourcecode.swift; path = Utils.swift; sourceTree = "<group>"; };
/* End PBXFileReference section */

/* Begin PBXFrameworksBuildPhase section */
		CB6936151A30C75C0095B48C /* Frameworks */ = {
			isa = PBXFrameworksBuildPhase;
			buildActionMask = 2147483647;
			files = (
			);
			runOnlyForDeploymentPostprocessing = 0;
		};
		CB69362A1A30C75D0095B48C /* Frameworks */ = {
			isa = PBXFrameworksBuildPhase;
			buildActionMask = 2147483647;
			files = (
			);
			runOnlyForDeploymentPostprocessing = 0;
		};
/* End PBXFrameworksBuildPhase section */

/* Begin PBXGroup section */
		CB69360F1A30C75C0095B48C = {
			isa = PBXGroup;
			children = (
				CB69361A1A30C75C0095B48C /* ImageDisplay */,
				CB6936301A30C75D0095B48C /* ImageDisplayTests */,
				CB6936191A30C75C0095B48C /* Products */,
			);
			sourceTree = "<group>";
		};
		CB6936191A30C75C0095B48C /* Products */ = {
			isa = PBXGroup;
			children = (
				CB6936181A30C75C0095B48C /* ImageDisplay.app */,
				CB69362D1A30C75D0095B48C /* ImageDisplayTests.xctest */,
			);
			name = Products;
			sourceTree = "<group>";
		};
		CB69361A1A30C75C0095B48C /* ImageDisplay */ = {
			isa = PBXGroup;
			children = (
				CB69366D1A317E2F0095B48C /* ResultsTableViewController.swift */,
				CB69361D1A30C75C0095B48C /* AppDelegate.swift */,
				CB69361F1A30C75C0095B48C /* MainViewController.swift */,
				CB6936241A30C75C0095B48C /* Images.xcassets */,
				CB6936261A30C75C0095B48C /* LaunchScreen.xib */,
				CB69361B1A30C75C0095B48C /* Supporting Files */,
				CB69366B1A3107420095B48C /* ResultsViewController.swift */,
				CB6936711A3182B30095B48C /* ResultsCollectionViewCell.swift */,
				CB6936731A318BDD0095B48C /* ResultsGridViewController.swift */,
				CB69367E1A322A600095B48C /* ImageObject.swift */,
				CB6936801A3240B30095B48C /* FullScreenImageView.swift */,
				CB6936821A324E160095B48C /* Utils.swift */,
			);
			path = ImageDisplay;
			sourceTree = "<group>";
		};
		CB69361B1A30C75C0095B48C /* Supporting Files */ = {
			isa = PBXGroup;
			children = (
				CB69361C1A30C75C0095B48C /* Info.plist */,
			);
			name = "Supporting Files";
			sourceTree = "<group>";
		};
		CB6936301A30C75D0095B48C /* ImageDisplayTests */ = {
			isa = PBXGroup;
			children = (
				CB6936331A30C75D0095B48C /* ImageDisplayTests.swift */,
				CB6936311A30C75D0095B48C /* Supporting Files */,
			);
			path = ImageDisplayTests;
			sourceTree = "<group>";
		};
		CB6936311A30C75D0095B48C /* Supporting Files */ = {
			isa = PBXGroup;
			children = (
				CB6936321A30C75D0095B48C /* Info.plist */,
			);
			name = "Supporting Files";
			sourceTree = "<group>";
		};
/* End PBXGroup section */

/* Begin PBXNativeTarget section */
		CB6936171A30C75C0095B48C /* ImageDisplay */ = {
			isa = PBXNativeTarget;
			buildConfigurationList = CB6936371A30C75D0095B48C /* Build configuration list for PBXNativeTarget "ImageDisplay" */;
			buildPhases = (
				CB6936141A30C75C0095B48C /* Sources */,
				CB6936151A30C75C0095B48C /* Frameworks */,
				CB6936161A30C75C0095B48C /* Resources */,
			);
			buildRules = (
			);
			dependencies = (
			);
			name = ImageDisplay;
			productName = ImageDisplay;
			productReference = CB6936181A30C75C0095B48C /* ImageDisplay.app */;
			productType = "com.apple.product-type.application";
		};
		CB69362C1A30C75D0095B48C /* ImageDisplayTests */ = {
			isa = PBXNativeTarget;
			buildConfigurationList = CB69363A1A30C75D0095B48C /* Build configuration list for PBXNativeTarget "ImageDisplayTests" */;
			buildPhases = (
				CB6936291A30C75D0095B48C /* Sources */,
				CB69362A1A30C75D0095B48C /* Frameworks */,
				CB69362B1A30C75D0095B48C /* Resources */,
			);
			buildRules = (
			);
			dependencies = (
				CB69362F1A30C75D0095B48C /* PBXTargetDependency */,
			);
			name = ImageDisplayTests;
			productName = ImageDisplayTests;
			productReference = CB69362D1A30C75D0095B48C /* ImageDisplayTests.xctest */;
			productType = "com.apple.product-type.bundle.unit-test";
		};
/* End PBXNativeTarget section */

/* Begin PBXProject section */
		CB6936101A30C75C0095B48C /* Project object */ = {
			isa = PBXProject;
			attributes = {
				LastUpgradeCheck = 0610;
				ORGANIZATIONNAME = "Ryan Ploetz";
				TargetAttributes = {
					CB6936171A30C75C0095B48C = {
						CreatedOnToolsVersion = 6.1;
					};
					CB69362C1A30C75D0095B48C = {
						CreatedOnToolsVersion = 6.1;
						TestTargetID = CB6936171A30C75C0095B48C;
					};
				};
			};
			buildConfigurationList = CB6936131A30C75C0095B48C /* Build configuration list for PBXProject "ImageDisplay" */;
			compatibilityVersion = "Xcode 3.2";
			developmentRegion = English;
			hasScannedForEncodings = 0;
			knownRegions = (
				en,
				Base,
			);
			mainGroup = CB69360F1A30C75C0095B48C;
			productRefGroup = CB6936191A30C75C0095B48C /* Products */;
			projectDirPath = "";
			projectRoot = "";
			targets = (
				CB6936171A30C75C0095B48C /* ImageDisplay */,
				CB69362C1A30C75D0095B48C /* ImageDisplayTests */,
			);
		};
/* End PBXProject section */

/* Begin PBXResourcesBuildPhase section */
		CB6936161A30C75C0095B48C /* Resources */ = {
			isa = PBXResourcesBuildPhase;
			buildActionMask = 2147483647;
			files = (
				CB6936281A30C75C0095B48C /* LaunchScreen.xib in Resources */,
				CB6936251A30C75C0095B48C /* Images.xcassets in Resources */,
			);
			runOnlyForDeploymentPostprocessing = 0;
		};
		CB69362B1A30C75D0095B48C /* Resources */ = {
			isa = PBXResourcesBuildPhase;
			buildActionMask = 2147483647;
			files = (
			);
			runOnlyForDeploymentPostprocessing = 0;
		};
/* End PBXResourcesBuildPhase section */

/* Begin PBXSourcesBuildPhase section */
		CB6936141A30C75C0095B48C /* Sources */ = {
			isa = PBXSourcesBuildPhase;
			buildActionMask = 2147483647;
			files = (
				CB69366E1A317E2F0095B48C /* ResultsTableViewController.swift in Sources */,
				CB6936741A318BDD0095B48C /* ResultsGridViewController.swift in Sources */,
				CB6936831A324E160095B48C /* Utils.swift in Sources */,
				CB6936721A3182B30095B48C /* ResultsCollectionViewCell.swift in Sources */,
				CB69367F1A322A600095B48C /* ImageObject.swift in Sources */,
				CB6936201A30C75C0095B48C /* MainViewController.swift in Sources */,
				CB6936811A3240B30095B48C /* FullScreenImageView.swift in Sources */,
				CB69361E1A30C75C0095B48C /* AppDelegate.swift in Sources */,
				CB69366C1A3107420095B48C /* ResultsViewController.swift in Sources */,
			);
			runOnlyForDeploymentPostprocessing = 0;
		};
		CB6936291A30C75D0095B48C /* Sources */ = {
			isa = PBXSourcesBuildPhase;
			buildActionMask = 2147483647;
			files = (
				CB6936341A30C75D0095B48C /* ImageDisplayTests.swift in Sources */,
			);
			runOnlyForDeploymentPostprocessing = 0;
		};
/* End PBXSourcesBuildPhase section */

/* Begin PBXTargetDependency section */
		CB69362F1A30C75D0095B48C /* PBXTargetDependency */ = {
			isa = PBXTargetDependency;
			target = CB6936171A30C75C0095B48C /* ImageDisplay */;
			targetProxy = CB69362E1A30C75D0095B48C /* PBXContainerItemProxy */;
		};
/* End PBXTargetDependency section */

/* Begin PBXVariantGroup section */
		CB6936261A30C75C0095B48C /* LaunchScreen.xib */ = {
			isa = PBXVariantGroup;
			children = (
				CB6936271A30C75C0095B48C /* Base */,
			);
			name = LaunchScreen.xib;
			sourceTree = "<group>";
		};
/* End PBXVariantGroup section */

/* Begin XCBuildConfiguration section */
		CB6936351A30C75D0095B48C /* Debug */ = {
			isa = XCBuildConfiguration;
			buildSettings = {
				ALWAYS_SEARCH_USER_PATHS = NO;
				CLANG_CXX_LANGUAGE_STANDARD = "gnu++0x";
				CLANG_CXX_LIBRARY = "libc++";
				CLANG_ENABLE_MODULES = YES;
				CLANG_ENABLE_OBJC_ARC = YES;
				CLANG_WARN_BOOL_CONVERSION = YES;
				CLANG_WARN_CONSTANT_CONVERSION = YES;
				CLANG_WARN_DIRECT_OBJC_ISA_USAGE = YES_ERROR;
				CLANG_WARN_EMPTY_BODY = YES;
				CLANG_WARN_ENUM_CONVERSION = YES;
				CLANG_WARN_INT_CONVERSION = YES;
				CLANG_WARN_OBJC_ROOT_CLASS = YES_ERROR;
				CLANG_WARN_UNREACHABLE_CODE = YES;
				CLANG_WARN__DUPLICATE_METHOD_MATCH = YES;
				"CODE_SIGN_IDENTITY[sdk=iphoneos*]" = "iPhone Developer";
				COPY_PHASE_STRIP = NO;
				ENABLE_STRICT_OBJC_MSGSEND = YES;
				GCC_C_LANGUAGE_STANDARD = gnu99;
				GCC_DYNAMIC_NO_PIC = NO;
				GCC_OPTIMIZATION_LEVEL = 0;
				GCC_PREPROCESSOR_DEFINITIONS = (
					"DEBUG=1",
					"$(inherited)",
				);
				GCC_SYMBOLS_PRIVATE_EXTERN = NO;
				GCC_WARN_64_TO_32_BIT_CONVERSION = YES;
				GCC_WARN_ABOUT_RETURN_TYPE = YES_ERROR;
				GCC_WARN_UNDECLARED_SELECTOR = YES;
				GCC_WARN_UNINITIALIZED_AUTOS = YES_AGGRESSIVE;
				GCC_WARN_UNUSED_FUNCTION = YES;
				GCC_WARN_UNUSED_VARIABLE = YES;
				IPHONEOS_DEPLOYMENT_TARGET = 8.1;
				MTL_ENABLE_DEBUG_INFO = YES;
				ONLY_ACTIVE_ARCH = YES;
				SDKROOT = iphoneos;
				SWIFT_OPTIMIZATION_LEVEL = "-Onone";
			};
			name = Debug;
		};
		CB6936361A30C75D0095B48C /* Release */ = {
			isa = XCBuildConfiguration;
			buildSettings = {
				ALWAYS_SEARCH_USER_PATHS = NO;
				CLANG_CXX_LANGUAGE_STANDARD = "gnu++0x";
				CLANG_CXX_LIBRARY = "libc++";
				CLANG_ENABLE_MODULES = YES;
				CLANG_ENABLE_OBJC_ARC = YES;
				CLANG_WARN_BOOL_CONVERSION = YES;
				CLANG_WARN_CONSTANT_CONVERSION = YES;
				CLANG_WARN_DIRECT_OBJC_ISA_USAGE = YES_ERROR;
				CLANG_WARN_EMPTY_BODY = YES;
				CLANG_WARN_ENUM_CONVERSION = YES;
				CLANG_WARN_INT_CONVERSION = YES;
				CLANG_WARN_OBJC_ROOT_CLASS = YES_ERROR;
				CLANG_WARN_UNREACHABLE_CODE = YES;
				CLANG_WARN__DUPLICATE_METHOD_MATCH = YES;
				"CODE_SIGN_IDENTITY[sdk=iphoneos*]" = "iPhone Developer";
				COPY_PHASE_STRIP = YES;
				ENABLE_NS_ASSERTIONS = NO;
				ENABLE_STRICT_OBJC_MSGSEND = YES;
				GCC_C_LANGUAGE_STANDARD = gnu99;
				GCC_WARN_64_TO_32_BIT_CONVERSION = YES;
				GCC_WARN_ABOUT_RETURN_TYPE = YES_ERROR;
				GCC_WARN_UNDECLARED_SELECTOR = YES;
				GCC_WARN_UNINITIALIZED_AUTOS = YES_AGGRESSIVE;
				GCC_WARN_UNUSED_FUNCTION = YES;
				GCC_WARN_UNUSED_VARIABLE = YES;
				IPHONEOS_DEPLOYMENT_TARGET = 8.1;
				MTL_ENABLE_DEBUG_INFO = NO;
				SDKROOT = iphoneos;
				VALIDATE_PRODUCT = YES;
			};
			name = Release;
		};
		CB6936381A30C75D0095B48C /* Debug */ = {
			isa = XCBuildConfiguration;
			buildSettings = {
				ASSETCATALOG_COMPILER_APPICON_NAME = AppIcon;
				INFOPLIST_FILE = ImageDisplay/Info.plist;
				LD_RUNPATH_SEARCH_PATHS = "$(inherited) @executable_path/Frameworks";
				PRODUCT_NAME = "$(TARGET_NAME)";
			};
			name = Debug;
		};
		CB6936391A30C75D0095B48C /* Release */ = {
			isa = XCBuildConfiguration;
			buildSettings = {
				ASSETCATALOG_COMPILER_APPICON_NAME = AppIcon;
				INFOPLIST_FILE = ImageDisplay/Info.plist;
				LD_RUNPATH_SEARCH_PATHS = "$(inherited) @executable_path/Frameworks";
				PRODUCT_NAME = "$(TARGET_NAME)";
			};
			name = Release;
		};
		CB69363B1A30C75D0095B48C /* Debug */ = {
			isa = XCBuildConfiguration;
			buildSettings = {
				BUNDLE_LOADER = "$(TEST_HOST)";
				FRAMEWORK_SEARCH_PATHS = (
					"$(SDKROOT)/Developer/Library/Frameworks",
					"$(inherited)",
				);
				GCC_PREPROCESSOR_DEFINITIONS = (
					"DEBUG=1",
					"$(inherited)",
				);
				INFOPLIST_FILE = ImageDisplayTests/Info.plist;
				LD_RUNPATH_SEARCH_PATHS = "$(inherited) @executable_path/Frameworks @loader_path/Frameworks";
				PRODUCT_NAME = "$(TARGET_NAME)";
				TEST_HOST = "$(BUILT_PRODUCTS_DIR)/ImageDisplay.app/ImageDisplay";
			};
			name = Debug;
		};
		CB69363C1A30C75D0095B48C /* Release */ = {
			isa = XCBuildConfiguration;
			buildSettings = {
				BUNDLE_LOADER = "$(TEST_HOST)";
				FRAMEWORK_SEARCH_PATHS = (
					"$(SDKROOT)/Developer/Library/Frameworks",
					"$(inherited)",
				);
				INFOPLIST_FILE = ImageDisplayTests/Info.plist;
				LD_RUNPATH_SEARCH_PATHS = "$(inherited) @executable_path/Frameworks @loader_path/Frameworks";
				PRODUCT_NAME = "$(TARGET_NAME)";
				TEST_HOST = "$(BUILT_PRODUCTS_DIR)/ImageDisplay.app/ImageDisplay";
			};
			name = Release;
		};
/* End XCBuildConfiguration section */

/* Begin XCConfigurationList section */
		CB6936131A30C75C0095B48C /* Build configuration list for PBXProject "ImageDisplay" */ = {
			isa = XCConfigurationList;
			buildConfigurations = (
				CB6936351A30C75D0095B48C /* Debug */,
				CB6936361A30C75D0095B48C /* Release */,
			);
			defaultConfigurationIsVisible = 0;
			defaultConfigurationName = Release;
		};
		CB6936371A30C75D0095B48C /* Build configuration list for PBXNativeTarget "ImageDisplay" */ = {
			isa = XCConfigurationList;
			buildConfigurations = (
				CB6936381A30C75D0095B48C /* Debug */,
				CB6936391A30C75D0095B48C /* Release */,
			);
			defaultConfigurationIsVisible = 0;
		};
		CB69363A1A30C75D0095B48C /* Build configuration list for PBXNativeTarget "ImageDisplayTests" */ = {
			isa = XCConfigurationList;
			buildConfigurations = (
				CB69363B1A30C75D0095B48C /* Debug */,
				CB69363C1A30C75D0095B48C /* Release */,
			);
			defaultConfigurationIsVisible = 0;
		};
/* End XCConfigurationList section */
	};
	rootObject = CB6936101A30C75C0095B48C /* Project object */;
}
